
Microsoft Visual Studio Solution File, Format Version 12.00
# Visual Studio 14
VisualStudioVersion = 14.0.25420.1
MinimumVisualStudioVersion = 10.0.40219.1
Project("{FAE04EC0-301F-11D3-BF4B-00C04F79EFBC}") = "ExpressionLib.Common", "Expression.Common\ExpressionLib.Common.csproj", "{17467EB9-16BC-49AB-80B6-7D3A075F3581}"
EndProject
Project("{2150E333-8FDC-42A3-9474-1A3956D46DE8}") = "Utility", "Utility", "{DF53CB8C-BFBA-4062-A781-ACC183803B14}"
EndProject
Project("{FAE04EC0-301F-11D3-BF4B-00C04F79EFBC}") = "ExpressionLib.Common.Test", "ExpressionLib.Common.Test\ExpressionLib.Common.Test.csproj", "{6CE46EC7-9E61-4F68-82E1-5ABCFE9EDA7C}"
EndProject
Global
	GlobalSection(SolutionConfigurationPlatforms) = preSolution
		Debug|Any CPU = Debug|Any CPU
		Release|Any CPU = Release|Any CPU
	EndGlobalSection
	GlobalSection(ProjectConfigurationPlatforms) = postSolution
		{17467EB9-16BC-49AB-80B6-7D3A075F3581}.Debug|Any CPU.ActiveCfg = Debug|Any CPU
		{17467EB9-16BC-49AB-80B6-7D3A075F3581}.Debug|Any CPU.Build.0 = Debug|Any CPU
		{17467EB9-16BC-49AB-80B6-7D3A075F3581}.Release|Any CPU.ActiveCfg = Release|Any CPU
		{17467EB9-16BC-49AB-80B6-7D3A075F3581}.Release|Any CPU.Build.0 = Release|Any CPU
		{6CE46EC7-9E61-4F68-82E1-5ABCFE9EDA7C}.Debug|Any CPU.ActiveCfg = Debug|Any CPU
		{6CE46EC7-9E61-4F68-82E1-5ABCFE9EDA7C}.Debug|Any CPU.Build.0 = Debug|Any CPU
		{6CE46EC7-9E61-4F68-82E1-5ABCFE9EDA7C}.Release|Any CPU.ActiveCfg = Release|Any CPU
		{6CE46EC7-9E61-4F68-82E1-5ABCFE9EDA7C}.Release|Any CPU.Build.0 = Release|Any CPU
	EndGlobalSection
	GlobalSection(SolutionProperties) = preSolution
		HideSolutionNode = FALSE
	EndGlobalSection
	GlobalSection(NestedProjects) = preSolution
		{17467EB9-16BC-49AB-80B6-7D3A075F3581} = {DF53CB8C-BFBA-4062-A781-ACC183803B14}
	EndGlobalSection
EndGlobal
